
Microsoft Visual Studio Solution File, Format Version 12.00
# Visual Studio Version 16
VisualStudioVersion = 16.0.30907.101
MinimumVisualStudioVersion = 10.0.40219.1
Project("{FAE04EC0-301F-11D3-BF4B-00C04F79EFBC}") = "ConsoleAppRest", "ConsoleAppRest\ConsoleAppRest.csproj", "{3EEC4919-E391-4B54-9343-CCA9E434D893}"
EndProject
Global
	GlobalSection(SolutionConfigurationPlatforms) = preSolution
		Debug|Any CPU = Debug|Any CPU
		Release|Any CPU = Release|Any CPU
	EndGlobalSection
	GlobalSection(ProjectConfigurationPlatforms) = postSolution
		{3EEC4919-E391-4B54-9343-CCA9E434D893}.Debug|Any CPU.ActiveCfg = Debug|Any CPU
		{3EEC4919-E391-4B54-9343-CCA9E434D893}.Debug|Any CPU.Build.0 = Debug|Any CPU
		{3EEC4919-E391-4B54-9343-CCA9E434D893}.Release|Any CPU.ActiveCfg = Release|Any CPU
		{3EEC4919-E391-4B54-9343-CCA9E434D893}.Release|Any CPU.Build.0 = Release|Any CPU
	EndGlobalSection
	GlobalSection(SolutionProperties) = preSolution
		HideSolutionNode = FALSE
	EndGlobalSection
	GlobalSection(ExtensibilityGlobals) = postSolution
		SolutionGuid = {61039A54-005C-45AF-B286-E2ECE55865A0}
	EndGlobalSection
EndGlobal
